// !$*UTF8*$!
{
	archiveVersion = 1;
	classes = {
	};
	objectVersion = 56;
	objects = {

/* Begin PBXBuildFile section */
		BA1A9AD02B87774B00CDBF24 /* DateAndIntervalPickerView.swift in Sources */ = {isa = PBXBuildFile; fileRef = BA1A9ACF2B87774B00CDBF24 /* DateAndIntervalPickerView.swift */; };
		BA1A9AD32B88C98200CDBF24 /* ChartView.swift in Sources */ = {isa = PBXBuildFile; fileRef = BA1A9AD22B88C98200CDBF24 /* ChartView.swift */; };
		BA1A9AD52B88CDC200CDBF24 /* SelectIntervalButton.swift in Sources */ = {isa = PBXBuildFile; fileRef = BA1A9AD42B88CDC200CDBF24 /* SelectIntervalButton.swift */; };
		BA1A9AD72B88CEDD00CDBF24 /* ImportCSVButton.swift in Sources */ = {isa = PBXBuildFile; fileRef = BA1A9AD62B88CEDD00CDBF24 /* ImportCSVButton.swift */; };
		BA1A9ADA2B8919D200CDBF24 /* ParseCSVError.swift in Sources */ = {isa = PBXBuildFile; fileRef = BA1A9AD92B8919D200CDBF24 /* ParseCSVError.swift */; };
		BAD186D02B81085B0091F99A /* GraphApp.swift in Sources */ = {isa = PBXBuildFile; fileRef = BAD186CF2B81085B0091F99A /* GraphApp.swift */; };
		BAD186D22B81085B0091F99A /* MainView.swift in Sources */ = {isa = PBXBuildFile; fileRef = BAD186D12B81085B0091F99A /* MainView.swift */; };
		BAD186D42B81085E0091F99A /* Assets.xcassets in Resources */ = {isa = PBXBuildFile; fileRef = BAD186D32B81085E0091F99A /* Assets.xcassets */; };
		BAD186D72B81085E0091F99A /* Preview Assets.xcassets in Resources */ = {isa = PBXBuildFile; fileRef = BAD186D62B81085E0091F99A /* Preview Assets.xcassets */; };
		BAD186E22B8108D30091F99A /* CSVModel.swift in Sources */ = {isa = PBXBuildFile; fileRef = BAD186E12B8108D30091F99A /* CSVModel.swift */; };
		BAD186E42B8109240091F99A /* CSVViewModel.swift in Sources */ = {isa = PBXBuildFile; fileRef = BAD186E32B8109240091F99A /* CSVViewModel.swift */; };
		BAD186E72B81138A0091F99A /* DocumentPicker.swift in Sources */ = {isa = PBXBuildFile; fileRef = BAD186E62B81138A0091F99A /* DocumentPicker.swift */; };
		BAD186E92B8120C80091F99A /* CSVParsingService.swift in Sources */ = {isa = PBXBuildFile; fileRef = BAD186E82B8120C80091F99A /* CSVParsingService.swift */; };
/* End PBXBuildFile section */

/* Begin PBXFileReference section */
		BA1A9ACF2B87774B00CDBF24 /* DateAndIntervalPickerView.swift */ = {isa = PBXFileReference; lastKnownFileType = sourcecode.swift; path = DateAndIntervalPickerView.swift; sourceTree = "<group>"; };
		BA1A9AD22B88C98200CDBF24 /* ChartView.swift */ = {isa = PBXFileReference; lastKnownFileType = sourcecode.swift; path = ChartView.swift; sourceTree = "<group>"; };
		BA1A9AD42B88CDC200CDBF24 /* SelectIntervalButton.swift */ = {isa = PBXFileReference; lastKnownFileType = sourcecode.swift; path = SelectIntervalButton.swift; sourceTree = "<group>"; };
		BA1A9AD62B88CEDD00CDBF24 /* ImportCSVButton.swift */ = {isa = PBXFileReference; lastKnownFileType = sourcecode.swift; path = ImportCSVButton.swift; sourceTree = "<group>"; };
		BA1A9AD92B8919D200CDBF24 /* ParseCSVError.swift */ = {isa = PBXFileReference; lastKnownFileType = sourcecode.swift; path = ParseCSVError.swift; sourceTree = "<group>"; };
		BA6B92EE2B8324BB000E6FCF /* Info.plist */ = {isa = PBXFileReference; lastKnownFileType = text.plist; path = Info.plist; sourceTree = "<group>"; };
		BA6B92EF2B832579000E6FCF /* Graph.entitlements */ = {isa = PBXFileReference; lastKnownFileType = text.plist.entitlements; path = Graph.entitlements; sourceTree = "<group>"; };
		BA6B92F02B835830000E6FCF /* GraphRelease.entitlements */ = {isa = PBXFileReference; lastKnownFileType = text.plist.entitlements; path = GraphRelease.entitlements; sourceTree = "<group>"; };
		BAD186CC2B81085B0091F99A /* Graph.app */ = {isa = PBXFileReference; explicitFileType = wrapper.application; includeInIndex = 0; path = Graph.app; sourceTree = BUILT_PRODUCTS_DIR; };
		BAD186CF2B81085B0091F99A /* GraphApp.swift */ = {isa = PBXFileReference; lastKnownFileType = sourcecode.swift; path = GraphApp.swift; sourceTree = "<group>"; };
		BAD186D12B81085B0091F99A /* MainView.swift */ = {isa = PBXFileReference; lastKnownFileType = sourcecode.swift; path = MainView.swift; sourceTree = "<group>"; };
		BAD186D32B81085E0091F99A /* Assets.xcassets */ = {isa = PBXFileReference; lastKnownFileType = folder.assetcatalog; path = Assets.xcassets; sourceTree = "<group>"; };
		BAD186D62B81085E0091F99A /* Preview Assets.xcassets */ = {isa = PBXFileReference; lastKnownFileType = folder.assetcatalog; path = "Preview Assets.xcassets"; sourceTree = "<group>"; };
		BAD186E12B8108D30091F99A /* CSVModel.swift */ = {isa = PBXFileReference; lastKnownFileType = sourcecode.swift; path = CSVModel.swift; sourceTree = "<group>"; };
		BAD186E32B8109240091F99A /* CSVViewModel.swift */ = {isa = PBXFileReference; lastKnownFileType = sourcecode.swift; path = CSVViewModel.swift; sourceTree = "<group>"; };
		BAD186E62B81138A0091F99A /* DocumentPicker.swift */ = {isa = PBXFileReference; lastKnownFileType = sourcecode.swift; path = DocumentPicker.swift; sourceTree = "<group>"; };
		BAD186E82B8120C80091F99A /* CSVParsingService.swift */ = {isa = PBXFileReference; lastKnownFileType = sourcecode.swift; path = CSVParsingService.swift; sourceTree = "<group>"; };
/* End PBXFileReference section */

/* Begin PBXFrameworksBuildPhase section */
		BAD186C92B81085B0091F99A /* Frameworks */ = {
			isa = PBXFrameworksBuildPhase;
			buildActionMask = 2147483647;
			files = (
			);
			runOnlyForDeploymentPostprocessing = 0;
		};
/* End PBXFrameworksBuildPhase section */

/* Begin PBXGroup section */
		BA1A9AD12B88C96900CDBF24 /* ReusableComponents */ = {
			isa = PBXGroup;
			children = (
				BA1A9AD22B88C98200CDBF24 /* ChartView.swift */,
				BA1A9AD42B88CDC200CDBF24 /* SelectIntervalButton.swift */,
				BA1A9AD62B88CEDD00CDBF24 /* ImportCSVButton.swift */,
			);
			path = ReusableComponents;
			sourceTree = "<group>";
		};
		BA1A9AD82B89198900CDBF24 /* Errors */ = {
			isa = PBXGroup;
			children = (
				BA1A9AD92B8919D200CDBF24 /* ParseCSVError.swift */,
			);
			path = Errors;
			sourceTree = "<group>";
		};
		BAD186C32B81085B0091F99A = {
			isa = PBXGroup;
			children = (
				BAD186CE2B81085B0091F99A /* Graph */,
				BAD186CD2B81085B0091F99A /* Products */,
			);
			sourceTree = "<group>";
		};
		BAD186CD2B81085B0091F99A /* Products */ = {
			isa = PBXGroup;
			children = (
				BAD186CC2B81085B0091F99A /* Graph.app */,
			);
			name = Products;
			sourceTree = "<group>";
		};
		BAD186CE2B81085B0091F99A /* Graph */ = {
			isa = PBXGroup;
			children = (
				BAD186E02B8108B80091F99A /* App */,
				BAD186DD2B8108960091F99A /* Views */,
				BAD186DF2B8108A90091F99A /* ViewModels */,
				BAD186DE2B8108A00091F99A /* Models */,
				BAD186E52B81137D0091F99A /* Services */,
				BA1A9AD12B88C96900CDBF24 /* ReusableComponents */,
				BA1A9AD82B89198900CDBF24 /* Errors */,
				BA6B92F02B835830000E6FCF /* GraphRelease.entitlements */,
				BA6B92EF2B832579000E6FCF /* Graph.entitlements */,
				BA6B92EE2B8324BB000E6FCF /* Info.plist */,
				BAD186D52B81085E0091F99A /* Preview Content */,
			);
			path = Graph;
			sourceTree = "<group>";
		};
		BAD186D52B81085E0091F99A /* Preview Content */ = {
			isa = PBXGroup;
			children = (
				BAD186D32B81085E0091F99A /* Assets.xcassets */,
				BAD186D62B81085E0091F99A /* Preview Assets.xcassets */,
			);
			path = "Preview Content";
			sourceTree = "<group>";
		};
		BAD186DD2B8108960091F99A /* Views */ = {
			isa = PBXGroup;
			children = (
				BAD186D12B81085B0091F99A /* MainView.swift */,
				BA1A9ACF2B87774B00CDBF24 /* DateAndIntervalPickerView.swift */,
				BAD186E62B81138A0091F99A /* DocumentPicker.swift */,
			);
			path = Views;
			sourceTree = "<group>";
		};
		BAD186DE2B8108A00091F99A /* Models */ = {
			isa = PBXGroup;
			children = (
				BAD186E12B8108D30091F99A /* CSVModel.swift */,
			);
			path = Models;
			sourceTree = "<group>";
		};
		BAD186DF2B8108A90091F99A /* ViewModels */ = {
			isa = PBXGroup;
			children = (
				BAD186E32B8109240091F99A /* CSVViewModel.swift */,
			);
			path = ViewModels;
			sourceTree = "<group>";
		};
		BAD186E02B8108B80091F99A /* App */ = {
			isa = PBXGroup;
			children = (
				BAD186CF2B81085B0091F99A /* GraphApp.swift */,
			);
			path = App;
			sourceTree = "<group>";
		};
		BAD186E52B81137D0091F99A /* Services */ = {
			isa = PBXGroup;
			children = (
				BAD186E82B8120C80091F99A /* CSVParsingService.swift */,
			);
			path = Services;
			sourceTree = "<group>";
		};
/* End PBXGroup section */

/* Begin PBXNativeTarget section */
		BAD186CB2B81085B0091F99A /* Graph */ = {
			isa = PBXNativeTarget;
			buildConfigurationList = BAD186DA2B81085E0091F99A /* Build configuration list for PBXNativeTarget "Graph" */;
			buildPhases = (
				BAD186C82B81085B0091F99A /* Sources */,
				BAD186C92B81085B0091F99A /* Frameworks */,
				BAD186CA2B81085B0091F99A /* Resources */,
			);
			buildRules = (
			);
			dependencies = (
			);
			name = Graph;
			productName = Graph;
			productReference = BAD186CC2B81085B0091F99A /* Graph.app */;
			productType = "com.apple.product-type.application";
		};
/* End PBXNativeTarget section */

/* Begin PBXProject section */
		BAD186C42B81085B0091F99A /* Project object */ = {
			isa = PBXProject;
			attributes = {
				BuildIndependentTargetsInParallel = 1;
				LastSwiftUpdateCheck = 1520;
				LastUpgradeCheck = 1520;
				TargetAttributes = {
					BAD186CB2B81085B0091F99A = {
						CreatedOnToolsVersion = 15.2;
					};
				};
			};
			buildConfigurationList = BAD186C72B81085B0091F99A /* Build configuration list for PBXProject "Graph" */;
			compatibilityVersion = "Xcode 14.0";
			developmentRegion = en;
			hasScannedForEncodings = 0;
			knownRegions = (
				en,
				Base,
			);
			mainGroup = BAD186C32B81085B0091F99A;
			productRefGroup = BAD186CD2B81085B0091F99A /* Products */;
			projectDirPath = "";
			projectRoot = "";
			targets = (
				BAD186CB2B81085B0091F99A /* Graph */,
			);
		};
/* End PBXProject section */

/* Begin PBXResourcesBuildPhase section */
		BAD186CA2B81085B0091F99A /* Resources */ = {
			isa = PBXResourcesBuildPhase;
			buildActionMask = 2147483647;
			files = (
				BAD186D72B81085E0091F99A /* Preview Assets.xcassets in Resources */,
				BAD186D42B81085E0091F99A /* Assets.xcassets in Resources */,
			);
			runOnlyForDeploymentPostprocessing = 0;
		};
/* End PBXResourcesBuildPhase section */

/* Begin PBXSourcesBuildPhase section */
		BAD186C82B81085B0091F99A /* Sources */ = {
			isa = PBXSourcesBuildPhase;
			buildActionMask = 2147483647;
			files = (
				BA1A9AD02B87774B00CDBF24 /* DateAndIntervalPickerView.swift in Sources */,
				BAD186E22B8108D30091F99A /* CSVModel.swift in Sources */,
				BA1A9ADA2B8919D200CDBF24 /* ParseCSVError.swift in Sources */,
				BAD186E42B8109240091F99A /* CSVViewModel.swift in Sources */,
				BA1A9AD72B88CEDD00CDBF24 /* ImportCSVButton.swift in Sources */,
				BAD186D22B81085B0091F99A /* MainView.swift in Sources */,
				BAD186E92B8120C80091F99A /* CSVParsingService.swift in Sources */,
				BAD186E72B81138A0091F99A /* DocumentPicker.swift in Sources */,
				BA1A9AD52B88CDC200CDBF24 /* SelectIntervalButton.swift in Sources */,
				BAD186D02B81085B0091F99A /* GraphApp.swift in Sources */,
				BA1A9AD32B88C98200CDBF24 /* ChartView.swift in Sources */,
			);
			runOnlyForDeploymentPostprocessing = 0;
		};
/* End PBXSourcesBuildPhase section */

/* Begin XCBuildConfiguration section */
		BAD186D82B81085E0091F99A /* Debug */ = {
			isa = XCBuildConfiguration;
			buildSettings = {
				ALWAYS_SEARCH_USER_PATHS = NO;
				ASSETCATALOG_COMPILER_GENERATE_SWIFT_ASSET_SYMBOL_EXTENSIONS = YES;
				CLANG_ANALYZER_NONNULL = YES;
				CLANG_ANALYZER_NUMBER_OBJECT_CONVERSION = YES_AGGRESSIVE;
				CLANG_CXX_LANGUAGE_STANDARD = "gnu++20";
				CLANG_ENABLE_MODULES = YES;
				CLANG_ENABLE_OBJC_ARC = YES;
				CLANG_ENABLE_OBJC_WEAK = YES;
				CLANG_WARN_BLOCK_CAPTURE_AUTORELEASING = YES;
				CLANG_WARN_BOOL_CONVERSION = YES;
				CLANG_WARN_COMMA = YES;
				CLANG_WARN_CONSTANT_CONVERSION = YES;
				CLANG_WARN_DEPRECATED_OBJC_IMPLEMENTATIONS = YES;
				CLANG_WARN_DIRECT_OBJC_ISA_USAGE = YES_ERROR;
				CLANG_WARN_DOCUMENTATION_COMMENTS = YES;
				CLANG_WARN_EMPTY_BODY = YES;
				CLANG_WARN_ENUM_CONVERSION = YES;
				CLANG_WARN_INFINITE_RECURSION = YES;
				CLANG_WARN_INT_CONVERSION = YES;
				CLANG_WARN_NON_LITERAL_NULL_CONVERSION = YES;
				CLANG_WARN_OBJC_IMPLICIT_RETAIN_SELF = YES;
				CLANG_WARN_OBJC_LITERAL_CONVERSION = YES;
				CLANG_WARN_OBJC_ROOT_CLASS = YES_ERROR;
				CLANG_WARN_QUOTED_INCLUDE_IN_FRAMEWORK_HEADER = YES;
				CLANG_WARN_RANGE_LOOP_ANALYSIS = YES;
				CLANG_WARN_STRICT_PROTOTYPES = YES;
				CLANG_WARN_SUSPICIOUS_MOVE = YES;
				CLANG_WARN_UNGUARDED_AVAILABILITY = YES_AGGRESSIVE;
				CLANG_WARN_UNREACHABLE_CODE = YES;
				CLANG_WARN__DUPLICATE_METHOD_MATCH = YES;
				COPY_PHASE_STRIP = NO;
				DEBUG_INFORMATION_FORMAT = dwarf;
				ENABLE_STRICT_OBJC_MSGSEND = YES;
				ENABLE_TESTABILITY = YES;
				ENABLE_USER_SCRIPT_SANDBOXING = YES;
				GCC_C_LANGUAGE_STANDARD = gnu17;
				GCC_DYNAMIC_NO_PIC = NO;
				GCC_NO_COMMON_BLOCKS = YES;
				GCC_OPTIMIZATION_LEVEL = 0;
				GCC_PREPROCESSOR_DEFINITIONS = (
					"DEBUG=1",
					"$(inherited)",
				);
				GCC_WARN_64_TO_32_BIT_CONVERSION = YES;
				GCC_WARN_ABOUT_RETURN_TYPE = YES_ERROR;
				GCC_WARN_UNDECLARED_SELECTOR = YES;
				GCC_WARN_UNINITIALIZED_AUTOS = YES_AGGRESSIVE;
				GCC_WARN_UNUSED_FUNCTION = YES;
				GCC_WARN_UNUSED_VARIABLE = YES;
				IPHONEOS_DEPLOYMENT_TARGET = 17.2;
				LOCALIZATION_PREFERS_STRING_CATALOGS = YES;
				MTL_ENABLE_DEBUG_INFO = INCLUDE_SOURCE;
				MTL_FAST_MATH = YES;
				ONLY_ACTIVE_ARCH = YES;
				SDKROOT = iphoneos;
				SWIFT_ACTIVE_COMPILATION_CONDITIONS = "DEBUG $(inherited)";
				SWIFT_OPTIMIZATION_LEVEL = "-Onone";
			};
			name = Debug;
		};
		BAD186D92B81085E0091F99A /* Release */ = {
			isa = XCBuildConfiguration;
			buildSettings = {
				ALWAYS_SEARCH_USER_PATHS = NO;
				ASSETCATALOG_COMPILER_GENERATE_SWIFT_ASSET_SYMBOL_EXTENSIONS = YES;
				CLANG_ANALYZER_NONNULL = YES;
				CLANG_ANALYZER_NUMBER_OBJECT_CONVERSION = YES_AGGRESSIVE;
				CLANG_CXX_LANGUAGE_STANDARD = "gnu++20";
				CLANG_ENABLE_MODULES = YES;
				CLANG_ENABLE_OBJC_ARC = YES;
				CLANG_ENABLE_OBJC_WEAK = YES;
				CLANG_WARN_BLOCK_CAPTURE_AUTORELEASING = YES;
				CLANG_WARN_BOOL_CONVERSION = YES;
				CLANG_WARN_COMMA = YES;
				CLANG_WARN_CONSTANT_CONVERSION = YES;
				CLANG_WARN_DEPRECATED_OBJC_IMPLEMENTATIONS = YES;
				CLANG_WARN_DIRECT_OBJC_ISA_USAGE = YES_ERROR;
				CLANG_WARN_DOCUMENTATION_COMMENTS = YES;
				CLANG_WARN_EMPTY_BODY = YES;
				CLANG_WARN_ENUM_CONVERSION = YES;
				CLANG_WARN_INFINITE_RECURSION = YES;
				CLANG_WARN_INT_CONVERSION = YES;
				CLANG_WARN_NON_LITERAL_NULL_CONVERSION = YES;
				CLANG_WARN_OBJC_IMPLICIT_RETAIN_SELF = YES;
				CLANG_WARN_OBJC_LITERAL_CONVERSION = YES;
				CLANG_WARN_OBJC_ROOT_CLASS = YES_ERROR;
				CLANG_WARN_QUOTED_INCLUDE_IN_FRAMEWORK_HEADER = YES;
				CLANG_WARN_RANGE_LOOP_ANALYSIS = YES;
				CLANG_WARN_STRICT_PROTOTYPES = YES;
				CLANG_WARN_SUSPICIOUS_MOVE = YES;
				CLANG_WARN_UNGUARDED_AVAILABILITY = YES_AGGRESSIVE;
				CLANG_WARN_UNREACHABLE_CODE = YES;
				CLANG_WARN__DUPLICATE_METHOD_MATCH = YES;
				COPY_PHASE_STRIP = NO;
				DEBUG_INFORMATION_FORMAT = "dwarf-with-dsym";
				ENABLE_NS_ASSERTIONS = NO;
				ENABLE_STRICT_OBJC_MSGSEND = YES;
				ENABLE_USER_SCRIPT_SANDBOXING = YES;
				GCC_C_LANGUAGE_STANDARD = gnu17;
				GCC_NO_COMMON_BLOCKS = YES;
				GCC_WARN_64_TO_32_BIT_CONVERSION = YES;
				GCC_WARN_ABOUT_RETURN_TYPE = YES_ERROR;
				GCC_WARN_UNDECLARED_SELECTOR = YES;
				GCC_WARN_UNINITIALIZED_AUTOS = YES_AGGRESSIVE;
				GCC_WARN_UNUSED_FUNCTION = YES;
				GCC_WARN_UNUSED_VARIABLE = YES;
				IPHONEOS_DEPLOYMENT_TARGET = 17.2;
				LOCALIZATION_PREFERS_STRING_CATALOGS = YES;
				MTL_ENABLE_DEBUG_INFO = NO;
				MTL_FAST_MATH = YES;
				SDKROOT = iphoneos;
				SWIFT_COMPILATION_MODE = wholemodule;
				VALIDATE_PRODUCT = YES;
			};
			name = Release;
		};
		BAD186DB2B81085E0091F99A /* Debug */ = {
			isa = XCBuildConfiguration;
			buildSettings = {
				ASSETCATALOG_COMPILER_APPICON_NAME = AppIcon;
				ASSETCATALOG_COMPILER_GLOBAL_ACCENT_COLOR_NAME = AccentColor;
				CODE_SIGN_ENTITLEMENTS = Graph/Graph.entitlements;
				CODE_SIGN_STYLE = Automatic;
				CURRENT_PROJECT_VERSION = 1;
				DEVELOPMENT_ASSET_PATHS = "\"Graph/Preview Content\"";
				DEVELOPMENT_TEAM = L4H488SRYA;
				ENABLE_PREVIEWS = YES;
				GENERATE_INFOPLIST_FILE = YES;
				INFOPLIST_FILE = Graph/Info.plist;
				INFOPLIST_KEY_UIApplicationSceneManifest_Generation = YES;
				INFOPLIST_KEY_UIApplicationSupportsIndirectInputEvents = YES;
				INFOPLIST_KEY_UILaunchScreen_Generation = YES;
				INFOPLIST_KEY_UISupportedInterfaceOrientations_iPad = "UIInterfaceOrientationPortrait UIInterfaceOrientationPortraitUpsideDown UIInterfaceOrientationLandscapeLeft UIInterfaceOrientationLandscapeRight";
				INFOPLIST_KEY_UISupportedInterfaceOrientations_iPhone = "UIInterfaceOrientationPortrait UIInterfaceOrientationLandscapeLeft UIInterfaceOrientationLandscapeRight";
				LD_RUNPATH_SEARCH_PATHS = (
					"$(inherited)",
					"@executable_path/Frameworks",
				);
				MARKETING_VERSION = 1.0;
				PRODUCT_BUNDLE_IDENTIFIER = GenesisApps.Graph;
				PRODUCT_NAME = "$(TARGET_NAME)";
				SWIFT_EMIT_LOC_STRINGS = YES;
				SWIFT_VERSION = 5.0;
				TARGETED_DEVICE_FAMILY = "1,2";
			};
			name = Debug;
		};
		BAD186DC2B81085E0091F99A /* Release */ = {
			isa = XCBuildConfiguration;
			buildSettings = {
				ASSETCATALOG_COMPILER_APPICON_NAME = AppIcon;
				ASSETCATALOG_COMPILER_GLOBAL_ACCENT_COLOR_NAME = AccentColor;
				CODE_SIGN_ENTITLEMENTS = Graph/GraphRelease.entitlements;
				CODE_SIGN_STYLE = Automatic;
				CURRENT_PROJECT_VERSION = 1;
				DEVELOPMENT_ASSET_PATHS = "\"Graph/Preview Content\"";
				DEVELOPMENT_TEAM = L4H488SRYA;
				ENABLE_PREVIEWS = YES;
				GENERATE_INFOPLIST_FILE = YES;
				INFOPLIST_FILE = Graph/Info.plist;
				INFOPLIST_KEY_UIApplicationSceneManifest_Generation = YES;
				INFOPLIST_KEY_UIApplicationSupportsIndirectInputEvents = YES;
				INFOPLIST_KEY_UILaunchScreen_Generation = YES;
				INFOPLIST_KEY_UISupportedInterfaceOrientations_iPad = "UIInterfaceOrientationPortrait UIInterfaceOrientationPortraitUpsideDown UIInterfaceOrientationLandscapeLeft UIInterfaceOrientationLandscapeRight";
				INFOPLIST_KEY_UISupportedInterfaceOrientations_iPhone = "UIInterfaceOrientationPortrait UIInterfaceOrientationLandscapeLeft UIInterfaceOrientationLandscapeRight";
				LD_RUNPATH_SEARCH_PATHS = (
					"$(inherited)",
					"@executable_path/Frameworks",
				);
				MARKETING_VERSION = 1.0;
				PRODUCT_BUNDLE_IDENTIFIER = GenesisApps.Graph;
				PRODUCT_NAME = "$(TARGET_NAME)";
				SWIFT_EMIT_LOC_STRINGS = YES;
				SWIFT_VERSION = 5.0;
				TARGETED_DEVICE_FAMILY = "1,2";
			};
			name = Release;
		};
/* End XCBuildConfiguration section */

/* Begin XCConfigurationList section */
		BAD186C72B81085B0091F99A /* Build configuration list for PBXProject "Graph" */ = {
			isa = XCConfigurationList;
			buildConfigurations = (
				BAD186D82B81085E0091F99A /* Debug */,
				BAD186D92B81085E0091F99A /* Release */,
			);
			defaultConfigurationIsVisible = 0;
			defaultConfigurationName = Release;
		};
		BAD186DA2B81085E0091F99A /* Build configuration list for PBXNativeTarget "Graph" */ = {
			isa = XCConfigurationList;
			buildConfigurations = (
				BAD186DB2B81085E0091F99A /* Debug */,
				BAD186DC2B81085E0091F99A /* Release */,
			);
			defaultConfigurationIsVisible = 0;
			defaultConfigurationName = Release;
		};
/* End XCConfigurationList section */
	};
	rootObject = BAD186C42B81085B0091F99A /* Project object */;
}
